
Microsoft Visual Studio Solution File, Format Version 12.00
# Visual Studio Version 16
VisualStudioVersion = 16.0.32106.194
MinimumVisualStudioVersion = 10.0.40219.1
Project("{159641D6-6404-4A2A-AE62-294DE0FE8301}") = "Northwind Demo ETL", "Northwind Demo ETL.dtproj", "{D729DCF0-3C6B-4314-A045-332E6695E2D9}"
EndProject
Global
	GlobalSection(SolutionConfigurationPlatforms) = preSolution
		Development|Default = Development|Default
	EndGlobalSection
	GlobalSection(ProjectConfigurationPlatforms) = postSolution
		{D729DCF0-3C6B-4314-A045-332E6695E2D9}.Development|Default.ActiveCfg = Development
		{D729DCF0-3C6B-4314-A045-332E6695E2D9}.Development|Default.Build.0 = Development
	EndGlobalSection
	GlobalSection(SolutionProperties) = preSolution
		HideSolutionNode = FALSE
	EndGlobalSection
	GlobalSection(ExtensibilityGlobals) = postSolution
		SolutionGuid = {70480F79-EF99-4EE1-80E6-0155037B2635}
	EndGlobalSection
EndGlobal
