
Microsoft Visual Studio Solution File, Format Version 12.00
# Visual Studio Version 16
VisualStudioVersion = 16.0.32106.194
MinimumVisualStudioVersion = 10.0.40219.1
Project("{D2ABAB84-BF74-430A-B69E-9DC6D40DDA17}") = "NWClientesOrdersCube", "NWClientesOrdersCube.dwproj", "{9C3D9E19-5955-4D62-8A08-419FDD18BB1D}"
EndProject
Global
	GlobalSection(SolutionConfigurationPlatforms) = preSolution
		Development|Default = Development|Default
	EndGlobalSection
	GlobalSection(ProjectConfigurationPlatforms) = postSolution
		{9C3D9E19-5955-4D62-8A08-419FDD18BB1D}.Development|Default.ActiveCfg = Development
		{9C3D9E19-5955-4D62-8A08-419FDD18BB1D}.Development|Default.Build.0 = Development
		{9C3D9E19-5955-4D62-8A08-419FDD18BB1D}.Development|Default.Deploy.0 = Development
	EndGlobalSection
	GlobalSection(SolutionProperties) = preSolution
		HideSolutionNode = FALSE
	EndGlobalSection
	GlobalSection(ExtensibilityGlobals) = postSolution
		SolutionGuid = {A1567AB6-BE3B-4DB2-9B9F-26340E063F8F}
	EndGlobalSection
EndGlobal
